{
    "hash": "923ed53da46642da725445728cfdff8f",
    "packages": [
        {
            "package": "symfony/console",
            "version": "dev-master",
            "source-reference": "1edd7b739561e87bde81ff1c2ce08bd89e92277e"
        },
        {
            "package": "symfony/console",
            "version": "dev-master",
            "source-reference": "1edd7b739561e87bde81ff1c2ce08bd89e92277e",
            "alias-pretty-version": "2.1.x-dev",
            "alias-version": "2.1.9999999.9999999-dev"
        },
        {
            "package": "symfony/filesystem",
            "version": "dev-master",
            "source-reference": "e1f7c293c029502921d77f914275b411f80ccbca",
            "alias-pretty-version": "2.1.x-dev",
            "alias-version": "2.1.9999999.9999999-dev"
        },
        {
            "package": "symfony/filesystem",
            "version": "dev-master",
            "source-reference": "e1f7c293c029502921d77f914275b411f80ccbca"
        },
        {
            "package": "symfony/finder",
            "version": "dev-master",
            "source-reference": "a2cef64d5072b284b671ee8e06b8ebc38c2969e1"
        },
        {
            "package": "symfony/finder",
            "version": "dev-master",
            "source-reference": "a2cef64d5072b284b671ee8e06b8ebc38c2969e1",
            "alias-pretty-version": "2.1.x-dev",
            "alias-version": "2.1.9999999.9999999-dev"
        }
    ],
    "packages-dev": [

    ],
    "aliases": [

    ],
    "minimum-stability": "dev",
    "stability-flags": [

    ]
}
